
Microsoft Visual Studio Solution File, Format Version 12.00
# Visual Studio Version 16
VisualStudioVersion = 16.0.32126.315
MinimumVisualStudioVersion = 10.0.40219.1
Project("{FAE04EC0-301F-11D3-BF4B-00C04F79EFBC}") = "ExpenseApplication.Android", "ExpenseApplication\ExpenseApplication.Android\ExpenseApplication.Android.csproj", "{5CAF38EB-E2F1-4492-8332-89EDBA59C697}"
EndProject
Project("{FAE04EC0-301F-11D3-BF4B-00C04F79EFBC}") = "ExpenseApplication.iOS", "ExpenseApplication\ExpenseApplication.iOS\ExpenseApplication.iOS.csproj", "{72B320A6-1C1E-43C9-86BE-0B6C009054BE}"
EndProject
Project("{FAE04EC0-301F-11D3-BF4B-00C04F79EFBC}") = "ExpenseApplication", "ExpenseApplication\ExpenseApplication\ExpenseApplication.csproj", "{A7B92B8A-3023-416F-B39B-47F779277BDB}"
EndProject
Global
	GlobalSection(SolutionConfigurationPlatforms) = preSolution
		Debug|Any CPU = Debug|Any CPU
		Debug|iPhone = Debug|iPhone
		Debug|iPhoneSimulator = Debug|iPhoneSimulator
		Release|Any CPU = Release|Any CPU
		Release|iPhone = Release|iPhone
		Release|iPhoneSimulator = Release|iPhoneSimulator
	EndGlobalSection
	GlobalSection(ProjectConfigurationPlatforms) = postSolution
		{5CAF38EB-E2F1-4492-8332-89EDBA59C697}.Debug|Any CPU.ActiveCfg = Debug|Any CPU
		{5CAF38EB-E2F1-4492-8332-89EDBA59C697}.Debug|Any CPU.Build.0 = Debug|Any CPU
		{5CAF38EB-E2F1-4492-8332-89EDBA59C697}.Debug|Any CPU.Deploy.0 = Debug|Any CPU
		{5CAF38EB-E2F1-4492-8332-89EDBA59C697}.Debug|iPhone.ActiveCfg = Debug|Any CPU
		{5CAF38EB-E2F1-4492-8332-89EDBA59C697}.Debug|iPhone.Build.0 = Debug|Any CPU
		{5CAF38EB-E2F1-4492-8332-89EDBA59C697}.Debug|iPhone.Deploy.0 = Debug|Any CPU
		{5CAF38EB-E2F1-4492-8332-89EDBA59C697}.Debug|iPhoneSimulator.ActiveCfg = Debug|Any CPU
		{5CAF38EB-E2F1-4492-8332-89EDBA59C697}.Debug|iPhoneSimulator.Build.0 = Debug|Any CPU
		{5CAF38EB-E2F1-4492-8332-89EDBA59C697}.Debug|iPhoneSimulator.Deploy.0 = Debug|Any CPU
		{5CAF38EB-E2F1-4492-8332-89EDBA59C697}.Release|Any CPU.ActiveCfg = Release|Any CPU
		{5CAF38EB-E2F1-4492-8332-89EDBA59C697}.Release|Any CPU.Build.0 = Release|Any CPU
		{5CAF38EB-E2F1-4492-8332-89EDBA59C697}.Release|Any CPU.Deploy.0 = Release|Any CPU
		{5CAF38EB-E2F1-4492-8332-89EDBA59C697}.Release|iPhone.ActiveCfg = Release|Any CPU
		{5CAF38EB-E2F1-4492-8332-89EDBA59C697}.Release|iPhone.Build.0 = Release|Any CPU
		{5CAF38EB-E2F1-4492-8332-89EDBA59C697}.Release|iPhone.Deploy.0 = Release|Any CPU
		{5CAF38EB-E2F1-4492-8332-89EDBA59C697}.Release|iPhoneSimulator.ActiveCfg = Release|Any CPU
		{5CAF38EB-E2F1-4492-8332-89EDBA59C697}.Release|iPhoneSimulator.Build.0 = Release|Any CPU
		{5CAF38EB-E2F1-4492-8332-89EDBA59C697}.Release|iPhoneSimulator.Deploy.0 = Release|Any CPU
		{72B320A6-1C1E-43C9-86BE-0B6C009054BE}.Debug|Any CPU.ActiveCfg = Debug|iPhone
		{72B320A6-1C1E-43C9-86BE-0B6C009054BE}.Debug|Any CPU.Build.0 = Debug|iPhone
		{72B320A6-1C1E-43C9-86BE-0B6C009054BE}.Debug|Any CPU.Deploy.0 = Debug|iPhone
		{72B320A6-1C1E-43C9-86BE-0B6C009054BE}.Debug|iPhone.ActiveCfg = Debug|iPhone
		{72B320A6-1C1E-43C9-86BE-0B6C009054BE}.Debug|iPhone.Build.0 = Debug|iPhone
		{72B320A6-1C1E-43C9-86BE-0B6C009054BE}.Debug|iPhone.Deploy.0 = Debug|iPhone
		{72B320A6-1C1E-43C9-86BE-0B6C009054BE}.Debug|iPhoneSimulator.ActiveCfg = Debug|iPhoneSimulator
		{72B320A6-1C1E-43C9-86BE-0B6C009054BE}.Debug|iPhoneSimulator.Build.0 = Debug|iPhoneSimulator
		{72B320A6-1C1E-43C9-86BE-0B6C009054BE}.Debug|iPhoneSimulator.Deploy.0 = Debug|iPhoneSimulator
		{72B320A6-1C1E-43C9-86BE-0B6C009054BE}.Release|Any CPU.ActiveCfg = Release|iPhoneSimulator
		{72B320A6-1C1E-43C9-86BE-0B6C009054BE}.Release|Any CPU.Build.0 = Release|iPhoneSimulator
		{72B320A6-1C1E-43C9-86BE-0B6C009054BE}.Release|Any CPU.Deploy.0 = Release|iPhoneSimulator
		{72B320A6-1C1E-43C9-86BE-0B6C009054BE}.Release|iPhone.ActiveCfg = Release|iPhone
		{72B320A6-1C1E-43C9-86BE-0B6C009054BE}.Release|iPhone.Build.0 = Release|iPhone
		{72B320A6-1C1E-43C9-86BE-0B6C009054BE}.Release|iPhone.Deploy.0 = Release|iPhone
		{72B320A6-1C1E-43C9-86BE-0B6C009054BE}.Release|iPhoneSimulator.ActiveCfg = Release|iPhoneSimulator
		{72B320A6-1C1E-43C9-86BE-0B6C009054BE}.Release|iPhoneSimulator.Build.0 = Release|iPhoneSimulator
		{72B320A6-1C1E-43C9-86BE-0B6C009054BE}.Release|iPhoneSimulator.Deploy.0 = Release|iPhoneSimulator
		{A7B92B8A-3023-416F-B39B-47F779277BDB}.Debug|Any CPU.ActiveCfg = Debug|Any CPU
		{A7B92B8A-3023-416F-B39B-47F779277BDB}.Debug|Any CPU.Build.0 = Debug|Any CPU
		{A7B92B8A-3023-416F-B39B-47F779277BDB}.Debug|Any CPU.Deploy.0 = Debug|Any CPU
		{A7B92B8A-3023-416F-B39B-47F779277BDB}.Debug|iPhone.ActiveCfg = Debug|Any CPU
		{A7B92B8A-3023-416F-B39B-47F779277BDB}.Debug|iPhone.Build.0 = Debug|Any CPU
		{A7B92B8A-3023-416F-B39B-47F779277BDB}.Debug|iPhone.Deploy.0 = Debug|Any CPU
		{A7B92B8A-3023-416F-B39B-47F779277BDB}.Debug|iPhoneSimulator.ActiveCfg = Debug|Any CPU
		{A7B92B8A-3023-416F-B39B-47F779277BDB}.Debug|iPhoneSimulator.Build.0 = Debug|Any CPU
		{A7B92B8A-3023-416F-B39B-47F779277BDB}.Debug|iPhoneSimulator.Deploy.0 = Debug|Any CPU
		{A7B92B8A-3023-416F-B39B-47F779277BDB}.Release|Any CPU.ActiveCfg = Release|Any CPU
		{A7B92B8A-3023-416F-B39B-47F779277BDB}.Release|Any CPU.Build.0 = Release|Any CPU
		{A7B92B8A-3023-416F-B39B-47F779277BDB}.Release|Any CPU.Deploy.0 = Release|Any CPU
		{A7B92B8A-3023-416F-B39B-47F779277BDB}.Release|iPhone.ActiveCfg = Release|Any CPU
		{A7B92B8A-3023-416F-B39B-47F779277BDB}.Release|iPhone.Build.0 = Release|Any CPU
		{A7B92B8A-3023-416F-B39B-47F779277BDB}.Release|iPhone.Deploy.0 = Release|Any CPU
		{A7B92B8A-3023-416F-B39B-47F779277BDB}.Release|iPhoneSimulator.ActiveCfg = Release|Any CPU
		{A7B92B8A-3023-416F-B39B-47F779277BDB}.Release|iPhoneSimulator.Build.0 = Release|Any CPU
		{A7B92B8A-3023-416F-B39B-47F779277BDB}.Release|iPhoneSimulator.Deploy.0 = Release|Any CPU
	EndGlobalSection
	GlobalSection(SolutionProperties) = preSolution
		HideSolutionNode = FALSE
	EndGlobalSection
	GlobalSection(ExtensibilityGlobals) = postSolution
		SolutionGuid = {4D421534-9402-4FA5-A376-93BCFAC29FFB}
	EndGlobalSection
EndGlobal
